{
  "name": "@icon/icofont",
  "version": "1.0.1-alpha.1",
  "lockfileVersion": 2,
  "requires": true,
  "packages": {
    "": {
      "name": "@icon/icofont",
      "version": "1.0.1-alpha.1",
      "license": "CC BY 4.0",
      "dependencies": {
        "@icon/icofont": "file:"
      }
    },
    "node_modules/@icon/icofont": {
      "resolved": "",
      "link": true
    }
  },
  "dependencies": {
    "@icon/icofont": {
      "version": "file:",
      "requires": {
        "@icon/icofont": "file:"
      }
    }
  }
}
